
Microsoft Visual Studio Solution File, Format Version 12.00
# Visual Studio 15
VisualStudioVersion = 15.0.26730.3
MinimumVisualStudioVersion = 10.0.40219.1
Project("{FAE04EC0-301F-11D3-BF4B-00C04F79EFBC}") = "InterviewAssigmentSolution", "InterviewAssigmentSolution\InterviewAssigmentSolution.csproj", "{246C2B5D-B406-42AC-8136-154AC58B5002}"
EndProject
Project("{FAE04EC0-301F-11D3-BF4B-00C04F79EFBC}") = "InterviewAssigmentSolution.Tests", "InterviewAssigmentSolution.Tests\InterviewAssigmentSolution.Tests.csproj", "{AD82456F-8A27-4B39-9723-C037AAB5ECAA}"
EndProject
Global
	GlobalSection(SolutionConfigurationPlatforms) = preSolution
		Debug|Any CPU = Debug|Any CPU
		Release|Any CPU = Release|Any CPU
	EndGlobalSection
	GlobalSection(ProjectConfigurationPlatforms) = postSolution
		{246C2B5D-B406-42AC-8136-154AC58B5002}.Debug|Any CPU.ActiveCfg = Debug|Any CPU
		{246C2B5D-B406-42AC-8136-154AC58B5002}.Debug|Any CPU.Build.0 = Debug|Any CPU
		{246C2B5D-B406-42AC-8136-154AC58B5002}.Release|Any CPU.ActiveCfg = Release|Any CPU
		{246C2B5D-B406-42AC-8136-154AC58B5002}.Release|Any CPU.Build.0 = Release|Any CPU
		{AD82456F-8A27-4B39-9723-C037AAB5ECAA}.Debug|Any CPU.ActiveCfg = Debug|Any CPU
		{AD82456F-8A27-4B39-9723-C037AAB5ECAA}.Debug|Any CPU.Build.0 = Debug|Any CPU
		{AD82456F-8A27-4B39-9723-C037AAB5ECAA}.Release|Any CPU.ActiveCfg = Release|Any CPU
		{AD82456F-8A27-4B39-9723-C037AAB5ECAA}.Release|Any CPU.Build.0 = Release|Any CPU
	EndGlobalSection
	GlobalSection(SolutionProperties) = preSolution
		HideSolutionNode = FALSE
	EndGlobalSection
	GlobalSection(ExtensibilityGlobals) = postSolution
		SolutionGuid = {A3242779-F5CC-4D3D-8488-2F7506162878}
	EndGlobalSection
EndGlobal
